Microsoft Visual Studio Solution File, Format Version 12.00
# Visual Studio Version 17
VisualStudioVersion = 17.5.2.0
MinimumVisualStudioVersion = 10.0.40219.1
Project("{FAE04EC0-301F-11D3-BF4B-00C04F79EFBC}") = "Pr6", "Pr6.csproj", "{4FDDADEF-C9B9-8CA5-15E4-0D06ED9017E6}"
EndProject
Global
	GlobalSection(SolutionConfigurationPlatforms) = preSolution
		Debug|Any CPU = Debug|Any CPU
		Release|Any CPU = Release|Any CPU
	EndGlobalSection
	GlobalSection(ProjectConfigurationPlatforms) = postSolution
		{4FDDADEF-C9B9-8CA5-15E4-0D06ED9017E6}.Debug|Any CPU.ActiveCfg = Debug|Any CPU
		{4FDDADEF-C9B9-8CA5-15E4-0D06ED9017E6}.Debug|Any CPU.Build.0 = Debug|Any CPU
		{4FDDADEF-C9B9-8CA5-15E4-0D06ED9017E6}.Release|Any CPU.ActiveCfg = Release|Any CPU
		{4FDDADEF-C9B9-8CA5-15E4-0D06ED9017E6}.Release|Any CPU.Build.0 = Release|Any CPU
	EndGlobalSection
	GlobalSection(SolutionProperties) = preSolution
		HideSolutionNode = FALSE
	EndGlobalSection
	GlobalSection(ExtensibilityGlobals) = postSolution
		SolutionGuid = {4D880DEF-01D2-4937-AA42-E66E278FE987}
	EndGlobalSection
EndGlobal
