Microsoft Visual Studio Solution File, Format Version 12.00
# Visual Studio Version 17
VisualStudioVersion = 17.5.2.0
MinimumVisualStudioVersion = 10.0.40219.1
Project("{FAE04EC0-301F-11D3-BF4B-00C04F79EFBC}") = "Pr7", "Pr7.csproj", "{A4B44614-5AA6-F8E5-FDB1-137B125F233A}"
EndProject
Global
	GlobalSection(SolutionConfigurationPlatforms) = preSolution
		Debug|Any CPU = Debug|Any CPU
		Release|Any CPU = Release|Any CPU
	EndGlobalSection
	GlobalSection(ProjectConfigurationPlatforms) = postSolution
		{A4B44614-5AA6-F8E5-FDB1-137B125F233A}.Debug|Any CPU.ActiveCfg = Debug|Any CPU
		{A4B44614-5AA6-F8E5-FDB1-137B125F233A}.Debug|Any CPU.Build.0 = Debug|Any CPU
		{A4B44614-5AA6-F8E5-FDB1-137B125F233A}.Release|Any CPU.ActiveCfg = Release|Any CPU
		{A4B44614-5AA6-F8E5-FDB1-137B125F233A}.Release|Any CPU.Build.0 = Release|Any CPU
	EndGlobalSection
	GlobalSection(SolutionProperties) = preSolution
		HideSolutionNode = FALSE
	EndGlobalSection
	GlobalSection(ExtensibilityGlobals) = postSolution
		SolutionGuid = {618080D6-5B1B-48EF-90C8-7B5EF70A8449}
	EndGlobalSection
EndGlobal
